// !$*UTF8*$!
{
	archiveVersion = 1;
	classes = {
	};
	objectVersion = 46;
	objects = {

/* Begin PBXBuildFile section */
		6353C8101FCFC8B5B5CB9264 /* Pods_MackTIATests.framework in Frameworks */ = {isa = PBXBuildFile; fileRef = 31EA871566F5B1B3BA6A1B29 /* Pods_MackTIATests.framework */; settings = {ATTRIBUTES = (Weak, ); }; };
		923C1F721BAA7C02006616B5 /* ConfigHelper.swift in Sources */ = {isa = PBXBuildFile; fileRef = 923C1F711BAA7C02006616B5 /* ConfigHelper.swift */; settings = {ASSET_TAGS = (); }; };
		9246D50B1B9A4E3400F0674D /* CoreDataHelper.swift in Sources */ = {isa = PBXBuildFile; fileRef = 9246D50A1B9A4E3400F0674D /* CoreDataHelper.swift */; };
		9246D50E1B9A4EBF00F0674D /* Falta.swift in Sources */ = {isa = PBXBuildFile; fileRef = 9246D50D1B9A4EBF00F0674D /* Falta.swift */; };
		9246D5121B9A722B00F0674D /* AKPickerView.swift in Sources */ = {isa = PBXBuildFile; fileRef = 9246D5111B9A722B00F0674D /* AKPickerView.swift */; };
		9289B8831B87ADB3004284E3 /* AppDelegate.swift in Sources */ = {isa = PBXBuildFile; fileRef = 9289B8821B87ADB3004284E3 /* AppDelegate.swift */; };
		9289B8861B87ADB3004284E3 /* MackTIA.xcdatamodeld in Sources */ = {isa = PBXBuildFile; fileRef = 9289B8841B87ADB3004284E3 /* MackTIA.xcdatamodeld */; };
		9289B8901B87ADB3004284E3 /* LaunchScreen.xib in Resources */ = {isa = PBXBuildFile; fileRef = 9289B88E1B87ADB3004284E3 /* LaunchScreen.xib */; };
		9289B89C1B87ADB3004284E3 /* MackTIATests.swift in Sources */ = {isa = PBXBuildFile; fileRef = 9289B89B1B87ADB3004284E3 /* MackTIATests.swift */; };
		929C92B31B9F720500844564 /* Localizable.strings in Resources */ = {isa = PBXBuildFile; fileRef = 929C92B51B9F720500844564 /* Localizable.strings */; };
		92B9E8971B87B8D7004C1DE4 /* LoginViewController.swift in Sources */ = {isa = PBXBuildFile; fileRef = 92B9E8961B87B8D7004C1DE4 /* LoginViewController.swift */; };
		92B9E8A61B87BF93004C1DE4 /* extension.swift in Sources */ = {isa = PBXBuildFile; fileRef = 92B9E8A51B87BF93004C1DE4 /* extension.swift */; };
		92B9E8A81B87C1E5004C1DE4 /* token.plist in Resources */ = {isa = PBXBuildFile; fileRef = 92B9E8A71B87C1E5004C1DE4 /* token.plist */; };
		92B9E8DC1B87C992004C1DE4 /* TIAManager.swift in Sources */ = {isa = PBXBuildFile; fileRef = 92B9E8AA1B87C241004C1DE4 /* TIAManager.swift */; };
		92B9E8DE1B87C998004C1DE4 /* Usuario.swift in Sources */ = {isa = PBXBuildFile; fileRef = 92B9E8AE1B87C63F004C1DE4 /* Usuario.swift */; };
		92B9E8E01B87CA07004C1DE4 /* config.plist in Resources */ = {isa = PBXBuildFile; fileRef = 92B9E8DF1B87CA07004C1DE4 /* config.plist */; };
		971DBE92D688529EF9699185 /* Pods_MackTIA.framework in Frameworks */ = {isa = PBXBuildFile; fileRef = B25325172E67BB9507F635B3 /* Pods_MackTIA.framework */; settings = {ATTRIBUTES = (Weak, ); }; };
		A1337E361BA082C4004A2015 /* Main.storyboard in Resources */ = {isa = PBXBuildFile; fileRef = A1337E341BA082C4004A2015 /* Main.storyboard */; };
		A15BB2D01B9AB26C00143EBE /* FaltaTableViewCell.swift in Sources */ = {isa = PBXBuildFile; fileRef = A15BB2CF1B9AB26C00143EBE /* FaltaTableViewCell.swift */; };
		A15BB2D21B9AB82400143EBE /* CircleGraphView.swift in Sources */ = {isa = PBXBuildFile; fileRef = A15BB2D11B9AB82400143EBE /* CircleGraphView.swift */; };
		A15BB2D51B9ACBD900143EBE /* Images.xcassets in Resources */ = {isa = PBXBuildFile; fileRef = A15BB2D41B9ACBD900143EBE /* Images.xcassets */; };
		A15BB2D91B9ACCDD00143EBE /* MaisTableViewController.swift in Sources */ = {isa = PBXBuildFile; fileRef = A15BB2D81B9ACCDD00143EBE /* MaisTableViewController.swift */; };
		A15BB2E41B9AD2AA00143EBE /* MapOverlay.m in Sources */ = {isa = PBXBuildFile; fileRef = A15BB2E11B9AD2AA00143EBE /* MapOverlay.m */; };
		A15BB2E51B9AD2AA00143EBE /* MapOverlayView.m in Sources */ = {isa = PBXBuildFile; fileRef = A15BB2E31B9AD2AA00143EBE /* MapOverlayView.m */; };
		A15BB2E91B9AD2FD00143EBE /* MapaViewController.m in Sources */ = {isa = PBXBuildFile; fileRef = A15BB2E81B9AD2FD00143EBE /* MapaViewController.m */; };
		A15BB2EB1B9BCEFF00143EBE /* NotasTableViewController.swift in Sources */ = {isa = PBXBuildFile; fileRef = A15BB2EA1B9BCEFF00143EBE /* NotasTableViewController.swift */; };
		A15BB2ED1B9BD03900143EBE /* NotaTableViewCell.swift in Sources */ = {isa = PBXBuildFile; fileRef = A15BB2EC1B9BD03900143EBE /* NotaTableViewCell.swift */; };
		A15BB2F21B9BD26300143EBE /* Nota.swift in Sources */ = {isa = PBXBuildFile; fileRef = A15BB2F11B9BD26300143EBE /* Nota.swift */; };
		A15BB2F41B9BD79800143EBE /* NotaCollectionViewCell.swift in Sources */ = {isa = PBXBuildFile; fileRef = A15BB2F31B9BD79800143EBE /* NotaCollectionViewCell.swift */; };
		A15BB2F61BA0762600143EBE /* Bariol_Regular.otf in Resources */ = {isa = PBXBuildFile; fileRef = A15BB2F51BA0762600143EBE /* Bariol_Regular.otf */; };
		A16372381B898BA4000A9C69 /* MapKit.framework in Frameworks */ = {isa = PBXBuildFile; fileRef = A16372371B898BA4000A9C69 /* MapKit.framework */; };
		A163723A1B89915A000A9C69 /* FaltasTableViewController.swift in Sources */ = {isa = PBXBuildFile; fileRef = A16372391B89915A000A9C69 /* FaltasTableViewController.swift */; };
/* End PBXBuildFile section */

/* Begin PBXContainerItemProxy section */
		9289B8961B87ADB3004284E3 /* PBXContainerItemProxy */ = {
			isa = PBXContainerItemProxy;
			containerPortal = 9289B8751B87ADB3004284E3 /* Project object */;
			proxyType = 1;
			remoteGlobalIDString = 9289B87C1B87ADB3004284E3;
			remoteInfo = MackTIA;
		};
/* End PBXContainerItemProxy section */

/* Begin PBXCopyFilesBuildPhase section */
		92B9E8CD1B87C887004C1DE4 /* Embed Frameworks */ = {
			isa = PBXCopyFilesBuildPhase;
			buildActionMask = 2147483647;
			dstPath = "";
			dstSubfolderSpec = 10;
			files = (
			);
			name = "Embed Frameworks";
			runOnlyForDeploymentPostprocessing = 0;
		};
/* End PBXCopyFilesBuildPhase section */

/* Begin PBXFileReference section */
		1359FCE54B8718B5E5C1D19E /* Pods-MackTIA.debug.xcconfig */ = {isa = PBXFileReference; includeInIndex = 1; lastKnownFileType = text.xcconfig; name = "Pods-MackTIA.debug.xcconfig"; path = "Pods/Target Support Files/Pods-MackTIA/Pods-MackTIA.debug.xcconfig"; sourceTree = "<group>"; };
		31EA871566F5B1B3BA6A1B29 /* Pods_MackTIATests.framework */ = {isa = PBXFileReference; explicitFileType = wrapper.framework; includeInIndex = 0; path = Pods_MackTIATests.framework; sourceTree = BUILT_PRODUCTS_DIR; };
		4E524A4CF42EB188E445412B /* Pods-MackTIA.release.xcconfig */ = {isa = PBXFileReference; includeInIndex = 1; lastKnownFileType = text.xcconfig; name = "Pods-MackTIA.release.xcconfig"; path = "Pods/Target Support Files/Pods-MackTIA/Pods-MackTIA.release.xcconfig"; sourceTree = "<group>"; };
		923C1F711BAA7C02006616B5 /* ConfigHelper.swift */ = {isa = PBXFileReference; fileEncoding = 4; lastKnownFileType = sourcecode.swift; name = ConfigHelper.swift; path = Helpers/ConfigHelper.swift; sourceTree = "<group>"; };
		9246D50A1B9A4E3400F0674D /* CoreDataHelper.swift */ = {isa = PBXFileReference; fileEncoding = 4; lastKnownFileType = sourcecode.swift; name = CoreDataHelper.swift; path = WebAPI/CoreDataHelper.swift; sourceTree = "<group>"; };
		9246D50D1B9A4EBF00F0674D /* Falta.swift */ = {isa = PBXFileReference; fileEncoding = 4; lastKnownFileType = sourcecode.swift; name = Falta.swift; path = WebAPI/Entidade/Falta.swift; sourceTree = "<group>"; };
		9246D5111B9A722B00F0674D /* AKPickerView.swift */ = {isa = PBXFileReference; fileEncoding = 4; lastKnownFileType = sourcecode.swift; path = AKPickerView.swift; sourceTree = "<group>"; };
		9289B87D1B87ADB3004284E3 /* MackTIA.app */ = {isa = PBXFileReference; explicitFileType = wrapper.application; includeInIndex = 0; path = MackTIA.app; sourceTree = BUILT_PRODUCTS_DIR; };
		9289B8811B87ADB3004284E3 /* Info.plist */ = {isa = PBXFileReference; lastKnownFileType = text.plist.xml; path = Info.plist; sourceTree = "<group>"; };
		9289B8821B87ADB3004284E3 /* AppDelegate.swift */ = {isa = PBXFileReference; lastKnownFileType = sourcecode.swift; path = AppDelegate.swift; sourceTree = "<group>"; };
		9289B8851B87ADB3004284E3 /* MackTIA.xcdatamodel */ = {isa = PBXFileReference; lastKnownFileType = wrapper.xcdatamodel; path = MackTIA.xcdatamodel; sourceTree = "<group>"; };
		9289B88F1B87ADB3004284E3 /* Base */ = {isa = PBXFileReference; lastKnownFileType = file.xib; name = Base; path = Base.lproj/LaunchScreen.xib; sourceTree = "<group>"; };
		9289B8951B87ADB3004284E3 /* MackTIATests.xctest */ = {isa = PBXFileReference; explicitFileType = wrapper.cfbundle; includeInIndex = 0; path = MackTIATests.xctest; sourceTree = BUILT_PRODUCTS_DIR; };
		9289B89A1B87ADB3004284E3 /* Info.plist */ = {isa = PBXFileReference; lastKnownFileType = text.plist.xml; path = Info.plist; sourceTree = "<group>"; };
		9289B89B1B87ADB3004284E3 /* MackTIATests.swift */ = {isa = PBXFileReference; lastKnownFileType = sourcecode.swift; path = MackTIATests.swift; sourceTree = "<group>"; };
		929C92B41B9F720500844564 /* Base */ = {isa = PBXFileReference; lastKnownFileType = text.plist.strings; name = Base; path = Base.lproj/Localizable.strings; sourceTree = "<group>"; };
		929C92BA1B9F7C7000844564 /* pt-BR */ = {isa = PBXFileReference; lastKnownFileType = text.plist.strings; name = "pt-BR"; path = "pt-BR.lproj/Localizable.strings"; sourceTree = "<group>"; };
		92B9E8961B87B8D7004C1DE4 /* LoginViewController.swift */ = {isa = PBXFileReference; fileEncoding = 4; lastKnownFileType = sourcecode.swift; name = LoginViewController.swift; path = ViewController/LoginViewController.swift; sourceTree = "<group>"; };
		92B9E89F1B87BDAC004C1DE4 /* MackTIA-Bridging-Header.h */ = {isa = PBXFileReference; lastKnownFileType = sourcecode.c.h; path = "MackTIA-Bridging-Header.h"; sourceTree = "<group>"; };
		92B9E8A31B87BF39004C1DE4 /* libcommonCrypto.dylib */ = {isa = PBXFileReference; lastKnownFileType = "compiled.mach-o.dylib"; name = libcommonCrypto.dylib; path = usr/lib/system/libcommonCrypto.dylib; sourceTree = SDKROOT; };
		92B9E8A51B87BF93004C1DE4 /* extension.swift */ = {isa = PBXFileReference; fileEncoding = 4; lastKnownFileType = sourcecode.swift; path = extension.swift; sourceTree = "<group>"; };
		92B9E8A71B87C1E5004C1DE4 /* token.plist */ = {isa = PBXFileReference; fileEncoding = 4; lastKnownFileType = text.plist.xml; name = token.plist; path = WebAPI/token.plist; sourceTree = "<group>"; };
		92B9E8AA1B87C241004C1DE4 /* TIAManager.swift */ = {isa = PBXFileReference; fileEncoding = 4; lastKnownFileType = sourcecode.swift; name = TIAManager.swift; path = WebAPI/TIAManager.swift; sourceTree = "<group>"; };
		92B9E8AE1B87C63F004C1DE4 /* Usuario.swift */ = {isa = PBXFileReference; fileEncoding = 4; lastKnownFileType = sourcecode.swift; name = Usuario.swift; path = WebAPI/Entidade/Usuario.swift; sourceTree = "<group>"; };
		92B9E8DF1B87CA07004C1DE4 /* config.plist */ = {isa = PBXFileReference; fileEncoding = 4; lastKnownFileType = text.plist.xml; name = config.plist; path = WebAPI/config.plist; sourceTree = "<group>"; };
		A1337E351BA082C4004A2015 /* Base */ = {isa = PBXFileReference; lastKnownFileType = file.storyboard; name = Base; path = Base.lproj/Main.storyboard; sourceTree = "<group>"; };
		A15BB2CF1B9AB26C00143EBE /* FaltaTableViewCell.swift */ = {isa = PBXFileReference; fileEncoding = 4; lastKnownFileType = sourcecode.swift; name = FaltaTableViewCell.swift; path = "ViewController/Custom Cells/FaltaTableViewCell.swift"; sourceTree = "<group>"; };
		A15BB2D11B9AB82400143EBE /* CircleGraphView.swift */ = {isa = PBXFileReference; fileEncoding = 4; lastKnownFileType = sourcecode.swift; name = CircleGraphView.swift; path = "ViewController/Custom Views/CircleGraphView.swift"; sourceTree = "<group>"; };
		A15BB2D41B9ACBD900143EBE /* Images.xcassets */ = {isa = PBXFileReference; lastKnownFileType = folder.assetcatalog; path = Images.xcassets; sourceTree = "<group>"; };
		A15BB2D81B9ACCDD00143EBE /* MaisTableViewController.swift */ = {isa = PBXFileReference; fileEncoding = 4; lastKnownFileType = sourcecode.swift; name = MaisTableViewController.swift; path = ViewController/MaisTableViewController.swift; sourceTree = "<group>"; };
		A15BB2E01B9AD2AA00143EBE /* MapOverlay.h */ = {isa = PBXFileReference; fileEncoding = 4; lastKnownFileType = sourcecode.c.h; name = MapOverlay.h; path = ViewController/Mapa/MapOverlay.h; sourceTree = "<group>"; };
		A15BB2E11B9AD2AA00143EBE /* MapOverlay.m */ = {isa = PBXFileReference; fileEncoding = 4; lastKnownFileType = sourcecode.c.objc; name = MapOverlay.m; path = ViewController/Mapa/MapOverlay.m; sourceTree = "<group>"; };
		A15BB2E21B9AD2AA00143EBE /* MapOverlayView.h */ = {isa = PBXFileReference; fileEncoding = 4; lastKnownFileType = sourcecode.c.h; name = MapOverlayView.h; path = ViewController/Mapa/MapOverlayView.h; sourceTree = "<group>"; };
		A15BB2E31B9AD2AA00143EBE /* MapOverlayView.m */ = {isa = PBXFileReference; fileEncoding = 4; lastKnownFileType = sourcecode.c.objc; name = MapOverlayView.m; path = ViewController/Mapa/MapOverlayView.m; sourceTree = "<group>"; };
		A15BB2E71B9AD2FD00143EBE /* MapaViewController.h */ = {isa = PBXFileReference; fileEncoding = 4; lastKnownFileType = sourcecode.c.h; name = MapaViewController.h; path = ViewController/MapaViewController.h; sourceTree = "<group>"; };
		A15BB2E81B9AD2FD00143EBE /* MapaViewController.m */ = {isa = PBXFileReference; fileEncoding = 4; lastKnownFileType = sourcecode.c.objc; name = MapaViewController.m; path = ViewController/MapaViewController.m; sourceTree = "<group>"; };
		A15BB2EA1B9BCEFF00143EBE /* NotasTableViewController.swift */ = {isa = PBXFileReference; fileEncoding = 4; lastKnownFileType = sourcecode.swift; name = NotasTableViewController.swift; path = ViewController/NotasTableViewController.swift; sourceTree = "<group>"; };
		A15BB2EC1B9BD03900143EBE /* NotaTableViewCell.swift */ = {isa = PBXFileReference; fileEncoding = 4; lastKnownFileType = sourcecode.swift; name = NotaTableViewCell.swift; path = "ViewController/Custom Cells/NotaTableViewCell.swift"; sourceTree = "<group>"; };
		A15BB2F11B9BD26300143EBE /* Nota.swift */ = {isa = PBXFileReference; fileEncoding = 4; lastKnownFileType = sourcecode.swift; name = Nota.swift; path = WebAPI/Entidade/Nota.swift; sourceTree = "<group>"; };
		A15BB2F31B9BD79800143EBE /* NotaCollectionViewCell.swift */ = {isa = PBXFileReference; fileEncoding = 4; lastKnownFileType = sourcecode.swift; name = NotaCollectionViewCell.swift; path = "ViewController/Custom Cells/NotaCollectionViewCell.swift"; sourceTree = "<group>"; };
		A15BB2F51BA0762600143EBE /* Bariol_Regular.otf */ = {isa = PBXFileReference; lastKnownFileType = file; path = Bariol_Regular.otf; sourceTree = "<group>"; };
		A16372371B898BA4000A9C69 /* MapKit.framework */ = {isa = PBXFileReference; lastKnownFileType = wrapper.framework; name = MapKit.framework; path = System/Library/Frameworks/MapKit.framework; sourceTree = SDKROOT; };
		A16372391B89915A000A9C69 /* FaltasTableViewController.swift */ = {isa = PBXFileReference; fileEncoding = 4; lastKnownFileType = sourcecode.swift; name = FaltasTableViewController.swift; path = ViewController/FaltasTableViewController.swift; sourceTree = "<group>"; };
		B25325172E67BB9507F635B3 /* Pods_MackTIA.framework */ = {isa = PBXFileReference; explicitFileType = wrapper.framework; includeInIndex = 0; path = Pods_MackTIA.framework; sourceTree = BUILT_PRODUCTS_DIR; };
		BDCC901934CE3EB1CC52A290 /* Pods-MackTIATests.debug.xcconfig */ = {isa = PBXFileReference; includeInIndex = 1; lastKnownFileType = text.xcconfig; name = "Pods-MackTIATests.debug.xcconfig"; path = "Pods/Target Support Files/Pods-MackTIATests/Pods-MackTIATests.debug.xcconfig"; sourceTree = "<group>"; };
		F43283DA135A06651819BBF5 /* Pods-MackTIATests.release.xcconfig */ = {isa = PBXFileReference; includeInIndex = 1; lastKnownFileType = text.xcconfig; name = "Pods-MackTIATests.release.xcconfig"; path = "Pods/Target Support Files/Pods-MackTIATests/Pods-MackTIATests.release.xcconfig"; sourceTree = "<group>"; };
/* End PBXFileReference section */

/* Begin PBXFrameworksBuildPhase section */
		9289B87A1B87ADB3004284E3 /* Frameworks */ = {
			isa = PBXFrameworksBuildPhase;
			buildActionMask = 2147483647;
			files = (
				A16372381B898BA4000A9C69 /* MapKit.framework in Frameworks */,
				971DBE92D688529EF9699185 /* Pods_MackTIA.framework in Frameworks */,
			);
			runOnlyForDeploymentPostprocessing = 0;
		};
		9289B8921B87ADB3004284E3 /* Frameworks */ = {
			isa = PBXFrameworksBuildPhase;
			buildActionMask = 2147483647;
			files = (
				6353C8101FCFC8B5B5CB9264 /* Pods_MackTIATests.framework in Frameworks */,
			);
			runOnlyForDeploymentPostprocessing = 0;
		};
/* End PBXFrameworksBuildPhase section */

/* Begin PBXGroup section */
		45E6EFDD30E999B4C5849EEE /* Pods */ = {
			isa = PBXGroup;
			children = (
				1359FCE54B8718B5E5C1D19E /* Pods-MackTIA.debug.xcconfig */,
				4E524A4CF42EB188E445412B /* Pods-MackTIA.release.xcconfig */,
				BDCC901934CE3EB1CC52A290 /* Pods-MackTIATests.debug.xcconfig */,
				F43283DA135A06651819BBF5 /* Pods-MackTIATests.release.xcconfig */,
			);
			name = Pods;
			sourceTree = "<group>";
		};
		9246D50C1B9A4E5C00F0674D /* Entidades */ = {
			isa = PBXGroup;
			children = (
				9246D50D1B9A4EBF00F0674D /* Falta.swift */,
				92B9E8AE1B87C63F004C1DE4 /* Usuario.swift */,
				A15BB2F11B9BD26300143EBE /* Nota.swift */,
			);
			name = Entidades;
			sourceTree = "<group>";
		};
		9289B8741B87ADB3004284E3 = {
			isa = PBXGroup;
			children = (
				9289B87F1B87ADB3004284E3 /* MackTIA */,
				9289B8981B87ADB3004284E3 /* MackTIATests */,
				9289B87E1B87ADB3004284E3 /* Products */,
				45E6EFDD30E999B4C5849EEE /* Pods */,
				ACBE292C7FDC7D68CEBDD74B /* Frameworks */,
			);
			sourceTree = "<group>";
		};
		9289B87E1B87ADB3004284E3 /* Products */ = {
			isa = PBXGroup;
			children = (
				9289B87D1B87ADB3004284E3 /* MackTIA.app */,
				9289B8951B87ADB3004284E3 /* MackTIATests.xctest */,
			);
			name = Products;
			sourceTree = "<group>";
		};
		9289B87F1B87ADB3004284E3 /* MackTIA */ = {
			isa = PBXGroup;
			children = (
				92B9E8981B87B8DE004C1DE4 /* ViewControllers */,
				92B9E8A91B87C217004C1DE4 /* WebAPI */,
				9289B8821B87ADB3004284E3 /* AppDelegate.swift */,
				A1337E341BA082C4004A2015 /* Main.storyboard */,
				9289B88E1B87ADB3004284E3 /* LaunchScreen.xib */,
				A15BB2D41B9ACBD900143EBE /* Images.xcassets */,
				9246D5111B9A722B00F0674D /* AKPickerView.swift */,
				92B9E8A51B87BF93004C1DE4 /* extension.swift */,
				9289B8801B87ADB3004284E3 /* Supporting Files */,
				923C1F711BAA7C02006616B5 /* ConfigHelper.swift */,
			);
			path = MackTIA;
			sourceTree = "<group>";
		};
		9289B8801B87ADB3004284E3 /* Supporting Files */ = {
			isa = PBXGroup;
			children = (
				A15BB2F51BA0762600143EBE /* Bariol_Regular.otf */,
				9289B8811B87ADB3004284E3 /* Info.plist */,
				92B9E89F1B87BDAC004C1DE4 /* MackTIA-Bridging-Header.h */,
				9289B8841B87ADB3004284E3 /* MackTIA.xcdatamodeld */,
				92B9E8DF1B87CA07004C1DE4 /* config.plist */,
				929C92B51B9F720500844564 /* Localizable.strings */,
			);
			name = "Supporting Files";
			sourceTree = "<group>";
		};
		9289B8981B87ADB3004284E3 /* MackTIATests */ = {
			isa = PBXGroup;
			children = (
				9289B89B1B87ADB3004284E3 /* MackTIATests.swift */,
				9289B8991B87ADB3004284E3 /* Supporting Files */,
			);
			path = MackTIATests;
			sourceTree = "<group>";
		};
		9289B8991B87ADB3004284E3 /* Supporting Files */ = {
			isa = PBXGroup;
			children = (
				9289B89A1B87ADB3004284E3 /* Info.plist */,
			);
			name = "Supporting Files";
			sourceTree = "<group>";
		};
		92B9E8981B87B8DE004C1DE4 /* ViewControllers */ = {
			isa = PBXGroup;
			children = (
				A15BB2D31B9AB82800143EBE /* Custom Views */,
				A15BB2CE1B9AB23700143EBE /* Custom Cells */,
				92B9E8961B87B8D7004C1DE4 /* LoginViewController.swift */,
				A16372391B89915A000A9C69 /* FaltasTableViewController.swift */,
				A15BB2EA1B9BCEFF00143EBE /* NotasTableViewController.swift */,
				A15BB2D81B9ACCDD00143EBE /* MaisTableViewController.swift */,
				A15BB2E71B9AD2FD00143EBE /* MapaViewController.h */,
				A15BB2E81B9AD2FD00143EBE /* MapaViewController.m */,
				A15BB2E61B9AD2AF00143EBE /* Mapa */,
			);
			name = ViewControllers;
			sourceTree = "<group>";
		};
		92B9E8A91B87C217004C1DE4 /* WebAPI */ = {
			isa = PBXGroup;
			children = (
				92B9E8A71B87C1E5004C1DE4 /* token.plist */,
				9246D50C1B9A4E5C00F0674D /* Entidades */,
				92B9E8AA1B87C241004C1DE4 /* TIAManager.swift */,
				9246D50A1B9A4E3400F0674D /* CoreDataHelper.swift */,
			);
			name = WebAPI;
			sourceTree = "<group>";
		};
		A15BB2CE1B9AB23700143EBE /* Custom Cells */ = {
			isa = PBXGroup;
			children = (
				A15BB2CF1B9AB26C00143EBE /* FaltaTableViewCell.swift */,
				A15BB2EC1B9BD03900143EBE /* NotaTableViewCell.swift */,
				A15BB2F31B9BD79800143EBE /* NotaCollectionViewCell.swift */,
			);
			name = "Custom Cells";
			sourceTree = "<group>";
		};
		A15BB2D31B9AB82800143EBE /* Custom Views */ = {
			isa = PBXGroup;
			children = (
				A15BB2D11B9AB82400143EBE /* CircleGraphView.swift */,
			);
			name = "Custom Views";
			sourceTree = "<group>";
		};
		A15BB2E61B9AD2AF00143EBE /* Mapa */ = {
			isa = PBXGroup;
			children = (
				A15BB2E01B9AD2AA00143EBE /* MapOverlay.h */,
				A15BB2E11B9AD2AA00143EBE /* MapOverlay.m */,
				A15BB2E21B9AD2AA00143EBE /* MapOverlayView.h */,
				A15BB2E31B9AD2AA00143EBE /* MapOverlayView.m */,
			);
			name = Mapa;
			sourceTree = "<group>";
		};
		ACBE292C7FDC7D68CEBDD74B /* Frameworks */ = {
			isa = PBXGroup;
			children = (
				A16372371B898BA4000A9C69 /* MapKit.framework */,
				92B9E8A31B87BF39004C1DE4 /* libcommonCrypto.dylib */,
				B25325172E67BB9507F635B3 /* Pods_MackTIA.framework */,
				31EA871566F5B1B3BA6A1B29 /* Pods_MackTIATests.framework */,
			);
			name = Frameworks;
			sourceTree = "<group>";
		};
/* End PBXGroup section */

/* Begin PBXNativeTarget section */
		9289B87C1B87ADB3004284E3 /* MackTIA */ = {
			isa = PBXNativeTarget;
			buildConfigurationList = 9289B89F1B87ADB3004284E3 /* Build configuration list for PBXNativeTarget "MackTIA" */;
			buildPhases = (
				9289B8791B87ADB3004284E3 /* Sources */,
				9289B87A1B87ADB3004284E3 /* Frameworks */,
				9289B87B1B87ADB3004284E3 /* Resources */,
				92B9E8CD1B87C887004C1DE4 /* Embed Frameworks */,
			);
			buildRules = (
			);
			dependencies = (
			);
			name = MackTIA;
			productName = MackTIA;
			productReference = 9289B87D1B87ADB3004284E3 /* MackTIA.app */;
			productType = "com.apple.product-type.application";
		};
		9289B8941B87ADB3004284E3 /* MackTIATests */ = {
			isa = PBXNativeTarget;
			buildConfigurationList = 9289B8A21B87ADB3004284E3 /* Build configuration list for PBXNativeTarget "MackTIATests" */;
			buildPhases = (
				B943821D8E6DD465AFB289C8 /* Check Pods Manifest.lock */,
				9289B8911B87ADB3004284E3 /* Sources */,
				9289B8921B87ADB3004284E3 /* Frameworks */,
				9289B8931B87ADB3004284E3 /* Resources */,
				019DF6604A57AE546DAC6D20 /* Embed Pods Frameworks */,
				D53913908E5E90179139618E /* Copy Pods Resources */,
			);
			buildRules = (
			);
			dependencies = (
				9289B8971B87ADB3004284E3 /* PBXTargetDependency */,
			);
			name = MackTIATests;
			productName = MackTIATests;
			productReference = 9289B8951B87ADB3004284E3 /* MackTIATests.xctest */;
			productType = "com.apple.product-type.bundle.unit-test";
		};
/* End PBXNativeTarget section */

/* Begin PBXProject section */
		9289B8751B87ADB3004284E3 /* Project object */ = {
			isa = PBXProject;
			attributes = {
				LastSwiftMigration = 0700;
				LastSwiftUpdateCheck = 0700;
				LastUpgradeCheck = 0700;
				ORGANIZATIONNAME = Mackenzie;
				TargetAttributes = {
					9289B87C1B87ADB3004284E3 = {
						CreatedOnToolsVersion = 6.4;
						DevelopmentTeam = 34E95R7U23;
						SystemCapabilities = {
							com.apple.Maps.iOS = {
								enabled = 1;
							};
						};
					};
					9289B8941B87ADB3004284E3 = {
						CreatedOnToolsVersion = 6.4;
						TestTargetID = 9289B87C1B87ADB3004284E3;
					};
				};
			};
			buildConfigurationList = 9289B8781B87ADB3004284E3 /* Build configuration list for PBXProject "MackTIA" */;
			compatibilityVersion = "Xcode 3.2";
			developmentRegion = English;
			hasScannedForEncodings = 0;
			knownRegions = (
				en,
				Base,
				"pt-BR",
			);
			mainGroup = 9289B8741B87ADB3004284E3;
			productRefGroup = 9289B87E1B87ADB3004284E3 /* Products */;
			projectDirPath = "";
			projectRoot = "";
			targets = (
				9289B87C1B87ADB3004284E3 /* MackTIA */,
				9289B8941B87ADB3004284E3 /* MackTIATests */,
			);
		};
/* End PBXProject section */

/* Begin PBXResourcesBuildPhase section */
		9289B87B1B87ADB3004284E3 /* Resources */ = {
			isa = PBXResourcesBuildPhase;
			buildActionMask = 2147483647;
			files = (
				A1337E361BA082C4004A2015 /* Main.storyboard in Resources */,
				A15BB2F61BA0762600143EBE /* Bariol_Regular.otf in Resources */,
				929C92B31B9F720500844564 /* Localizable.strings in Resources */,
				A15BB2D51B9ACBD900143EBE /* Images.xcassets in Resources */,
				9289B8901B87ADB3004284E3 /* LaunchScreen.xib in Resources */,
				92B9E8A81B87C1E5004C1DE4 /* token.plist in Resources */,
				92B9E8E01B87CA07004C1DE4 /* config.plist in Resources */,
			);
			runOnlyForDeploymentPostprocessing = 0;
		};
		9289B8931B87ADB3004284E3 /* Resources */ = {
			isa = PBXResourcesBuildPhase;
			buildActionMask = 2147483647;
			files = (
			);
			runOnlyForDeploymentPostprocessing = 0;
		};
/* End PBXResourcesBuildPhase section */

/* Begin PBXShellScriptBuildPhase section */
		019DF6604A57AE546DAC6D20 /* Embed Pods Frameworks */ = {
			isa = PBXShellScriptBuildPhase;
			buildActionMask = 2147483647;
			files = (
			);
			inputPaths = (
			);
			name = "Embed Pods Frameworks";
			outputPaths = (
			);
			runOnlyForDeploymentPostprocessing = 0;
			shellPath = /bin/sh;
			shellScript = "\"${SRCROOT}/Pods/Target Support Files/Pods-MackTIATests/Pods-MackTIATests-frameworks.sh\"\n";
			showEnvVarsInLog = 0;
		};
		B943821D8E6DD465AFB289C8 /* Check Pods Manifest.lock */ = {
			isa = PBXShellScriptBuildPhase;
			buildActionMask = 2147483647;
			files = (
			);
			inputPaths = (
			);
			name = "Check Pods Manifest.lock";
			outputPaths = (
			);
			runOnlyForDeploymentPostprocessing = 0;
			shellPath = /bin/sh;
			shellScript = "diff \"${PODS_ROOT}/../Podfile.lock\" \"${PODS_ROOT}/Manifest.lock\" > /dev/null\nif [[ $? != 0 ]] ; then\n    cat << EOM\nerror: The sandbox is not in sync with the Podfile.lock. Run 'pod install' or update your CocoaPods installation.\nEOM\n    exit 1\nfi\n";
			showEnvVarsInLog = 0;
		};
		D53913908E5E90179139618E /* Copy Pods Resources */ = {
			isa = PBXShellScriptBuildPhase;
			buildActionMask = 2147483647;
			files = (
			);
			inputPaths = (
			);
			name = "Copy Pods Resources";
			outputPaths = (
			);
			runOnlyForDeploymentPostprocessing = 0;
			shellPath = /bin/sh;
			shellScript = "\"${SRCROOT}/Pods/Target Support Files/Pods-MackTIATests/Pods-MackTIATests-resources.sh\"\n";
			showEnvVarsInLog = 0;
		};
/* End PBXShellScriptBuildPhase section */

/* Begin PBXSourcesBuildPhase section */
		9289B8791B87ADB3004284E3 /* Sources */ = {
			isa = PBXSourcesBuildPhase;
			buildActionMask = 2147483647;
			files = (
				9246D5121B9A722B00F0674D /* AKPickerView.swift in Sources */,
				A15BB2D91B9ACCDD00143EBE /* MaisTableViewController.swift in Sources */,
				92B9E8971B87B8D7004C1DE4 /* LoginViewController.swift in Sources */,
				92B9E8DC1B87C992004C1DE4 /* TIAManager.swift in Sources */,
				A163723A1B89915A000A9C69 /* FaltasTableViewController.swift in Sources */,
				92B9E8DE1B87C998004C1DE4 /* Usuario.swift in Sources */,
				9289B8861B87ADB3004284E3 /* MackTIA.xcdatamodeld in Sources */,
				92B9E8A61B87BF93004C1DE4 /* extension.swift in Sources */,
				A15BB2E51B9AD2AA00143EBE /* MapOverlayView.m in Sources */,
				A15BB2F21B9BD26300143EBE /* Nota.swift in Sources */,
				A15BB2D21B9AB82400143EBE /* CircleGraphView.swift in Sources */,
				923C1F721BAA7C02006616B5 /* ConfigHelper.swift in Sources */,
				A15BB2D01B9AB26C00143EBE /* FaltaTableViewCell.swift in Sources */,
				A15BB2F41B9BD79800143EBE /* NotaCollectionViewCell.swift in Sources */,
				9246D50E1B9A4EBF00F0674D /* Falta.swift in Sources */,
				9246D50B1B9A4E3400F0674D /* CoreDataHelper.swift in Sources */,
				A15BB2E91B9AD2FD00143EBE /* MapaViewController.m in Sources */,
				9289B8831B87ADB3004284E3 /* AppDelegate.swift in Sources */,
				A15BB2ED1B9BD03900143EBE /* NotaTableViewCell.swift in Sources */,
				A15BB2E41B9AD2AA00143EBE /* MapOverlay.m in Sources */,
				A15BB2EB1B9BCEFF00143EBE /* NotasTableViewController.swift in Sources */,
			);
			runOnlyForDeploymentPostprocessing = 0;
		};
		9289B8911B87ADB3004284E3 /* Sources */ = {
			isa = PBXSourcesBuildPhase;
			buildActionMask = 2147483647;
			files = (
				9289B89C1B87ADB3004284E3 /* MackTIATests.swift in Sources */,
			);
			runOnlyForDeploymentPostprocessing = 0;
		};
/* End PBXSourcesBuildPhase section */

/* Begin PBXTargetDependency section */
		9289B8971B87ADB3004284E3 /* PBXTargetDependency */ = {
			isa = PBXTargetDependency;
			target = 9289B87C1B87ADB3004284E3 /* MackTIA */;
			targetProxy = 9289B8961B87ADB3004284E3 /* PBXContainerItemProxy */;
		};
/* End PBXTargetDependency section */

/* Begin PBXVariantGroup section */
		9289B88E1B87ADB3004284E3 /* LaunchScreen.xib */ = {
			isa = PBXVariantGroup;
			children = (
				9289B88F1B87ADB3004284E3 /* Base */,
			);
			name = LaunchScreen.xib;
			sourceTree = "<group>";
		};
		929C92B51B9F720500844564 /* Localizable.strings */ = {
			isa = PBXVariantGroup;
			children = (
				929C92B41B9F720500844564 /* Base */,
				929C92BA1B9F7C7000844564 /* pt-BR */,
			);
			name = Localizable.strings;
			sourceTree = "<group>";
		};
		A1337E341BA082C4004A2015 /* Main.storyboard */ = {
			isa = PBXVariantGroup;
			children = (
				A1337E351BA082C4004A2015 /* Base */,
			);
			name = Main.storyboard;
			sourceTree = "<group>";
		};
/* End PBXVariantGroup section */

/* Begin XCBuildConfiguration section */
		9289B89D1B87ADB3004284E3 /* Debug */ = {
			isa = XCBuildConfiguration;
			buildSettings = {
				ALWAYS_SEARCH_USER_PATHS = NO;
				CLANG_CXX_LANGUAGE_STANDARD = "gnu++0x";
				CLANG_CXX_LIBRARY = "libc++";
				CLANG_ENABLE_MODULES = YES;
				CLANG_ENABLE_OBJC_ARC = YES;
				CLANG_WARN_BOOL_CONVERSION = YES;
				CLANG_WARN_CONSTANT_CONVERSION = YES;
				CLANG_WARN_DIRECT_OBJC_ISA_USAGE = YES_ERROR;
				CLANG_WARN_EMPTY_BODY = YES;
				CLANG_WARN_ENUM_CONVERSION = YES;
				CLANG_WARN_INT_CONVERSION = YES;
				CLANG_WARN_OBJC_ROOT_CLASS = YES_ERROR;
				CLANG_WARN_UNREACHABLE_CODE = YES;
				CLANG_WARN__DUPLICATE_METHOD_MATCH = YES;
				"CODE_SIGN_IDENTITY[sdk=iphoneos*]" = "iPhone Developer";
				COPY_PHASE_STRIP = NO;
				DEBUG_INFORMATION_FORMAT = "dwarf-with-dsym";
				ENABLE_STRICT_OBJC_MSGSEND = YES;
				ENABLE_TESTABILITY = YES;
				GCC_C_LANGUAGE_STANDARD = gnu99;
				GCC_DYNAMIC_NO_PIC = NO;
				GCC_NO_COMMON_BLOCKS = YES;
				GCC_OPTIMIZATION_LEVEL = 0;
				GCC_PREPROCESSOR_DEFINITIONS = (
					"DEBUG=1",
					"$(inherited)",
				);
				GCC_SYMBOLS_PRIVATE_EXTERN = NO;
				GCC_WARN_64_TO_32_BIT_CONVERSION = YES;
				GCC_WARN_ABOUT_RETURN_TYPE = YES_ERROR;
				GCC_WARN_UNDECLARED_SELECTOR = YES;
				GCC_WARN_UNINITIALIZED_AUTOS = YES_AGGRESSIVE;
				GCC_WARN_UNUSED_FUNCTION = YES;
				GCC_WARN_UNUSED_VARIABLE = YES;
				IPHONEOS_DEPLOYMENT_TARGET = 8.4;
				MTL_ENABLE_DEBUG_INFO = YES;
				ONLY_ACTIVE_ARCH = YES;
				SDKROOT = iphoneos;
				SWIFT_OPTIMIZATION_LEVEL = "-Onone";
				TARGETED_DEVICE_FAMILY = "1,2";
			};
			name = Debug;
		};
		9289B89E1B87ADB3004284E3 /* Release */ = {
			isa = XCBuildConfiguration;
			buildSettings = {
				ALWAYS_SEARCH_USER_PATHS = NO;
				CLANG_CXX_LANGUAGE_STANDARD = "gnu++0x";
				CLANG_CXX_LIBRARY = "libc++";
				CLANG_ENABLE_MODULES = YES;
				CLANG_ENABLE_OBJC_ARC = YES;
				CLANG_WARN_BOOL_CONVERSION = YES;
				CLANG_WARN_CONSTANT_CONVERSION = YES;
				CLANG_WARN_DIRECT_OBJC_ISA_USAGE = YES_ERROR;
				CLANG_WARN_EMPTY_BODY = YES;
				CLANG_WARN_ENUM_CONVERSION = YES;
				CLANG_WARN_INT_CONVERSION = YES;
				CLANG_WARN_OBJC_ROOT_CLASS = YES_ERROR;
				CLANG_WARN_UNREACHABLE_CODE = YES;
				CLANG_WARN__DUPLICATE_METHOD_MATCH = YES;
				"CODE_SIGN_IDENTITY[sdk=iphoneos*]" = "iPhone Developer";
				COPY_PHASE_STRIP = NO;
				DEBUG_INFORMATION_FORMAT = "dwarf-with-dsym";
				ENABLE_NS_ASSERTIONS = NO;
				ENABLE_STRICT_OBJC_MSGSEND = YES;
				GCC_C_LANGUAGE_STANDARD = gnu99;
				GCC_NO_COMMON_BLOCKS = YES;
				GCC_WARN_64_TO_32_BIT_CONVERSION = YES;
				GCC_WARN_ABOUT_RETURN_TYPE = YES_ERROR;
				GCC_WARN_UNDECLARED_SELECTOR = YES;
				GCC_WARN_UNINITIALIZED_AUTOS = YES_AGGRESSIVE;
				GCC_WARN_UNUSED_FUNCTION = YES;
				GCC_WARN_UNUSED_VARIABLE = YES;
				IPHONEOS_DEPLOYMENT_TARGET = 8.4;
				MTL_ENABLE_DEBUG_INFO = NO;
				SDKROOT = iphoneos;
				TARGETED_DEVICE_FAMILY = "1,2";
				VALIDATE_PRODUCT = YES;
			};
			name = Release;
		};
		9289B8A01B87ADB3004284E3 /* Debug */ = {
			isa = XCBuildConfiguration;
			baseConfigurationReference = 1359FCE54B8718B5E5C1D19E /* Pods-MackTIA.debug.xcconfig */;
			buildSettings = {
				ASSETCATALOG_COMPILER_APPICON_NAME = AppIcon;
				CLANG_ENABLE_MODULES = YES;
				CODE_SIGN_IDENTITY = "iPhone Developer";
				INFOPLIST_FILE = MackTIA/Info.plist;
				IPHONEOS_DEPLOYMENT_TARGET = 8.0;
				LD_RUNPATH_SEARCH_PATHS = "$(inherited) @executable_path/Frameworks";
				LIBRARY_SEARCH_PATHS = (
					"$(inherited)",
					"$(SDKROOT)/usr/lib/system",
				);
				PRODUCT_BUNDLE_IDENTIFIER = br.mackenzie.MackTia;
				PRODUCT_NAME = "$(TARGET_NAME)";
				SWIFT_OBJC_BRIDGING_HEADER = "MackTIA/MackTIA-Bridging-Header.h";
				SWIFT_OPTIMIZATION_LEVEL = "-Onone";
				TARGETED_DEVICE_FAMILY = 1;
			};
			name = Debug;
		};
		9289B8A11B87ADB3004284E3 /* Release */ = {
			isa = XCBuildConfiguration;
			baseConfigurationReference = 4E524A4CF42EB188E445412B /* Pods-MackTIA.release.xcconfig */;
			buildSettings = {
				ASSETCATALOG_COMPILER_APPICON_NAME = AppIcon;
				CLANG_ENABLE_MODULES = YES;
				CODE_SIGN_IDENTITY = "iPhone Developer";
				INFOPLIST_FILE = MackTIA/Info.plist;
				IPHONEOS_DEPLOYMENT_TARGET = 8.0;
				LD_RUNPATH_SEARCH_PATHS = "$(inherited) @executable_path/Frameworks";
				LIBRARY_SEARCH_PATHS = (
					"$(inherited)",
					"$(SDKROOT)/usr/lib/system",
				);
				PRODUCT_BUNDLE_IDENTIFIER = br.mackenzie.MackTia;
				PRODUCT_NAME = "$(TARGET_NAME)";
				SWIFT_OBJC_BRIDGING_HEADER = "MackTIA/MackTIA-Bridging-Header.h";
				TARGETED_DEVICE_FAMILY = 1;
			};
			name = Release;
		};
		9289B8A31B87ADB3004284E3 /* Debug */ = {
			isa = XCBuildConfiguration;
			baseConfigurationReference = BDCC901934CE3EB1CC52A290 /* Pods-MackTIATests.debug.xcconfig */;
			buildSettings = {
				BUNDLE_LOADER = "$(TEST_HOST)";
				FRAMEWORK_SEARCH_PATHS = (
					"$(SDKROOT)/Developer/Library/Frameworks",
					"$(inherited)",
				);
				GCC_PREPROCESSOR_DEFINITIONS = (
					"DEBUG=1",
					"$(inherited)",
				);
				INFOPLIST_FILE = MackTIATests/Info.plist;
				LD_RUNPATH_SEARCH_PATHS = "$(inherited) @executable_path/Frameworks @loader_path/Frameworks";
				PRODUCT_BUNDLE_IDENTIFIER = "br.mackenzie.$(PRODUCT_NAME:rfc1034identifier)";
				PRODUCT_NAME = "$(TARGET_NAME)";
				TEST_HOST = "$(BUILT_PRODUCTS_DIR)/MackTIA.app/MackTIA";
			};
			name = Debug;
		};
		9289B8A41B87ADB3004284E3 /* Release */ = {
			isa = XCBuildConfiguration;
			baseConfigurationReference = F43283DA135A06651819BBF5 /* Pods-MackTIATests.release.xcconfig */;
			buildSettings = {
				BUNDLE_LOADER = "$(TEST_HOST)";
				FRAMEWORK_SEARCH_PATHS = (
					"$(SDKROOT)/Developer/Library/Frameworks",
					"$(inherited)",
				);
				INFOPLIST_FILE = MackTIATests/Info.plist;
				LD_RUNPATH_SEARCH_PATHS = "$(inherited) @executable_path/Frameworks @loader_path/Frameworks";
				PRODUCT_BUNDLE_IDENTIFIER = "br.mackenzie.$(PRODUCT_NAME:rfc1034identifier)";
				PRODUCT_NAME = "$(TARGET_NAME)";
				TEST_HOST = "$(BUILT_PRODUCTS_DIR)/MackTIA.app/MackTIA";
			};
			name = Release;
		};
/* End XCBuildConfiguration section */

/* Begin XCConfigurationList section */
		9289B8781B87ADB3004284E3 /* Build configuration list for PBXProject "MackTIA" */ = {
			isa = XCConfigurationList;
			buildConfigurations = (
				9289B89D1B87ADB3004284E3 /* Debug */,
				9289B89E1B87ADB3004284E3 /* Release */,
			);
			defaultConfigurationIsVisible = 0;
			defaultConfigurationName = Release;
		};
		9289B89F1B87ADB3004284E3 /* Build configuration list for PBXNativeTarget "MackTIA" */ = {
			isa = XCConfigurationList;
			buildConfigurations = (
				9289B8A01B87ADB3004284E3 /* Debug */,
				9289B8A11B87ADB3004284E3 /* Release */,
			);
			defaultConfigurationIsVisible = 0;
			defaultConfigurationName = Release;
		};
		9289B8A21B87ADB3004284E3 /* Build configuration list for PBXNativeTarget "MackTIATests" */ = {
			isa = XCConfigurationList;
			buildConfigurations = (
				9289B8A31B87ADB3004284E3 /* Debug */,
				9289B8A41B87ADB3004284E3 /* Release */,
			);
			defaultConfigurationIsVisible = 0;
			defaultConfigurationName = Release;
		};
/* End XCConfigurationList section */

/* Begin XCVersionGroup section */
		9289B8841B87ADB3004284E3 /* MackTIA.xcdatamodeld */ = {
			isa = XCVersionGroup;
			children = (
				9289B8851B87ADB3004284E3 /* MackTIA.xcdatamodel */,
			);
			currentVersion = 9289B8851B87ADB3004284E3 /* MackTIA.xcdatamodel */;
			path = MackTIA.xcdatamodeld;
			sourceTree = "<group>";
			versionGroupType = wrapper.xcdatamodel;
		};
/* End XCVersionGroup section */
	};
	rootObject = 9289B8751B87ADB3004284E3 /* Project object */;
}
